
Microsoft Visual Studio Solution File, Format Version 12.00
# Visual Studio Version 16
VisualStudioVersion = 16.0.30711.63
MinimumVisualStudioVersion = 10.0.40219.1
Project("{9A19103F-16F7-4668-BE54-9A1E7A4F7556}") = "DevOpsRemainingQuery", "DevOpsRemainingQuery\DevOpsRemainingQuery.csproj", "{CE1B8E5C-E786-4278-9E8E-4B5DC72F2A7B}"
EndProject
Project("{2150E333-8FDC-42A3-9474-1A3956D46DE8}") = "Solution Items", "Solution Items", "{E893797B-10E1-408A-BD9B-A9D756B86120}"
	ProjectSection(SolutionItems) = preProject
		.editorconfig = .editorconfig
		Directory.Build.props = Directory.Build.props
	EndProjectSection
EndProject
Global
	GlobalSection(SolutionConfigurationPlatforms) = preSolution
		Debug|Any CPU = Debug|Any CPU
		Release|Any CPU = Release|Any CPU
	EndGlobalSection
	GlobalSection(ProjectConfigurationPlatforms) = postSolution
		{CE1B8E5C-E786-4278-9E8E-4B5DC72F2A7B}.Debug|Any CPU.ActiveCfg = Debug|Any CPU
		{CE1B8E5C-E786-4278-9E8E-4B5DC72F2A7B}.Debug|Any CPU.Build.0 = Debug|Any CPU
		{CE1B8E5C-E786-4278-9E8E-4B5DC72F2A7B}.Release|Any CPU.ActiveCfg = Release|Any CPU
		{CE1B8E5C-E786-4278-9E8E-4B5DC72F2A7B}.Release|Any CPU.Build.0 = Release|Any CPU
	EndGlobalSection
	GlobalSection(SolutionProperties) = preSolution
		HideSolutionNode = FALSE
	EndGlobalSection
	GlobalSection(ExtensibilityGlobals) = postSolution
		SolutionGuid = {0C4F8BA8-7BE0-4FCD-9D46-8B0B55505007}
	EndGlobalSection
EndGlobal
